
Microsoft Visual Studio Solution File, Format Version 12.00
# Visual Studio Version 17
VisualStudioVersion = 17.8.34525.116
MinimumVisualStudioVersion = 10.0.40219.1
Project("{2150E333-8FDC-42A3-9474-1A3956D46DE8}") = "Services", "Services", "{DA943B59-4223-4C12-BF00-085417A35243}"
EndProject
Project("{2150E333-8FDC-42A3-9474-1A3956D46DE8}") = "Gateway", "Gateway", "{917DCB15-A051-40E8-9738-8219ED7F4D3A}"
EndProject
Project("{2150E333-8FDC-42A3-9474-1A3956D46DE8}") = "Frontend", "Frontend", "{8AEA00F0-A820-4CEC-8D03-F7B46B531094}"
EndProject
Project("{2150E333-8FDC-42A3-9474-1A3956D46DE8}") = "Integration", "Integration", "{36FC1F68-AF9B-4706-B084-0B67DC7B7202}"
EndProject
Project("{9A19103F-16F7-4668-BE54-9A1E7A4F7556}") = "Banana.Services.CouponAPI", "Banana.Services.CouponAPI\Banana.Services.CouponAPI.csproj", "{42E8604B-62F3-4E2E-ADBA-628813F623AF}"
EndProject
Project("{9A19103F-16F7-4668-BE54-9A1E7A4F7556}") = "Banana.Web", "Banana.Web\Banana.Web.csproj", "{2CA0069A-DB25-4018-B802-10D849C5A77B}"
EndProject
Project("{9A19103F-16F7-4668-BE54-9A1E7A4F7556}") = "Banana.Services.AuthAPI", "Banana.Services.AuthApi\Banana.Services.AuthAPI.csproj", "{5B1C64CE-C7E0-4F4D-8C7F-4433268FADBB}"
EndProject
Project("{9A19103F-16F7-4668-BE54-9A1E7A4F7556}") = "Banana.Services.ProductAPI", "Banana.Services.ProductAPI\Banana.Services.ProductAPI.csproj", "{02D0BC5C-B89C-4DCC-9D42-E7F2F79BBC1E}"
EndProject
Project("{9A19103F-16F7-4668-BE54-9A1E7A4F7556}") = "Banana.Services.ShoppingCartAPI", "Banana.Services.ShoppingCartAPI\Banana.Services.ShoppingCartAPI.csproj", "{59ED2589-FB5A-4C61-8E6F-67B1FAA6CDC0}"
EndProject
Project("{9A19103F-16F7-4668-BE54-9A1E7A4F7556}") = "Banana.MessageBus", "Banana.MessageBus\Banana.MessageBus.csproj", "{1CE0A504-E061-401C-B9B5-3F01388AF988}"
EndProject
Project("{9A19103F-16F7-4668-BE54-9A1E7A4F7556}") = "Banana.Services.EmailAPI", "Banana.Services.EmailAPI\Banana.Services.EmailAPI.csproj", "{533FFD3E-BF78-44AB-B08E-0A7E6191E355}"
EndProject
Project("{FAE04EC0-301F-11D3-BF4B-00C04F79EFBC}") = "Banana.Services.OrderAPI", "Banana.Services.OrderAPI\Banana.Services.OrderAPI.csproj", "{DBA14066-4B0F-4650-A667-74742544791B}"
EndProject
Global
	GlobalSection(SolutionConfigurationPlatforms) = preSolution
		Debug|Any CPU = Debug|Any CPU
		Release|Any CPU = Release|Any CPU
	EndGlobalSection
	GlobalSection(ProjectConfigurationPlatforms) = postSolution
		{42E8604B-62F3-4E2E-ADBA-628813F623AF}.Debug|Any CPU.ActiveCfg = Debug|Any CPU
		{42E8604B-62F3-4E2E-ADBA-628813F623AF}.Debug|Any CPU.Build.0 = Debug|Any CPU
		{42E8604B-62F3-4E2E-ADBA-628813F623AF}.Release|Any CPU.ActiveCfg = Release|Any CPU
		{42E8604B-62F3-4E2E-ADBA-628813F623AF}.Release|Any CPU.Build.0 = Release|Any CPU
		{2CA0069A-DB25-4018-B802-10D849C5A77B}.Debug|Any CPU.ActiveCfg = Debug|Any CPU
		{2CA0069A-DB25-4018-B802-10D849C5A77B}.Debug|Any CPU.Build.0 = Debug|Any CPU
		{2CA0069A-DB25-4018-B802-10D849C5A77B}.Release|Any CPU.ActiveCfg = Release|Any CPU
		{2CA0069A-DB25-4018-B802-10D849C5A77B}.Release|Any CPU.Build.0 = Release|Any CPU
		{5B1C64CE-C7E0-4F4D-8C7F-4433268FADBB}.Debug|Any CPU.ActiveCfg = Debug|Any CPU
		{5B1C64CE-C7E0-4F4D-8C7F-4433268FADBB}.Debug|Any CPU.Build.0 = Debug|Any CPU
		{5B1C64CE-C7E0-4F4D-8C7F-4433268FADBB}.Release|Any CPU.ActiveCfg = Release|Any CPU
		{5B1C64CE-C7E0-4F4D-8C7F-4433268FADBB}.Release|Any CPU.Build.0 = Release|Any CPU
		{02D0BC5C-B89C-4DCC-9D42-E7F2F79BBC1E}.Debug|Any CPU.ActiveCfg = Debug|Any CPU
		{02D0BC5C-B89C-4DCC-9D42-E7F2F79BBC1E}.Debug|Any CPU.Build.0 = Debug|Any CPU
		{02D0BC5C-B89C-4DCC-9D42-E7F2F79BBC1E}.Release|Any CPU.ActiveCfg = Release|Any CPU
		{02D0BC5C-B89C-4DCC-9D42-E7F2F79BBC1E}.Release|Any CPU.Build.0 = Release|Any CPU
		{59ED2589-FB5A-4C61-8E6F-67B1FAA6CDC0}.Debug|Any CPU.ActiveCfg = Debug|Any CPU
		{59ED2589-FB5A-4C61-8E6F-67B1FAA6CDC0}.Debug|Any CPU.Build.0 = Debug|Any CPU
		{59ED2589-FB5A-4C61-8E6F-67B1FAA6CDC0}.Release|Any CPU.ActiveCfg = Release|Any CPU
		{59ED2589-FB5A-4C61-8E6F-67B1FAA6CDC0}.Release|Any CPU.Build.0 = Release|Any CPU
		{1CE0A504-E061-401C-B9B5-3F01388AF988}.Debug|Any CPU.ActiveCfg = Debug|Any CPU
		{1CE0A504-E061-401C-B9B5-3F01388AF988}.Debug|Any CPU.Build.0 = Debug|Any CPU
		{1CE0A504-E061-401C-B9B5-3F01388AF988}.Release|Any CPU.ActiveCfg = Release|Any CPU
		{1CE0A504-E061-401C-B9B5-3F01388AF988}.Release|Any CPU.Build.0 = Release|Any CPU
		{533FFD3E-BF78-44AB-B08E-0A7E6191E355}.Debug|Any CPU.ActiveCfg = Debug|Any CPU
		{533FFD3E-BF78-44AB-B08E-0A7E6191E355}.Debug|Any CPU.Build.0 = Debug|Any CPU
		{533FFD3E-BF78-44AB-B08E-0A7E6191E355}.Release|Any CPU.ActiveCfg = Release|Any CPU
		{533FFD3E-BF78-44AB-B08E-0A7E6191E355}.Release|Any CPU.Build.0 = Release|Any CPU
		{DBA14066-4B0F-4650-A667-74742544791B}.Debug|Any CPU.ActiveCfg = Debug|Any CPU
		{DBA14066-4B0F-4650-A667-74742544791B}.Debug|Any CPU.Build.0 = Debug|Any CPU
		{DBA14066-4B0F-4650-A667-74742544791B}.Release|Any CPU.ActiveCfg = Release|Any CPU
		{DBA14066-4B0F-4650-A667-74742544791B}.Release|Any CPU.Build.0 = Release|Any CPU
	EndGlobalSection
	GlobalSection(SolutionProperties) = preSolution
		HideSolutionNode = FALSE
	EndGlobalSection
	GlobalSection(NestedProjects) = preSolution
		{42E8604B-62F3-4E2E-ADBA-628813F623AF} = {DA943B59-4223-4C12-BF00-085417A35243}
		{2CA0069A-DB25-4018-B802-10D849C5A77B} = {8AEA00F0-A820-4CEC-8D03-F7B46B531094}
		{5B1C64CE-C7E0-4F4D-8C7F-4433268FADBB} = {DA943B59-4223-4C12-BF00-085417A35243}
		{02D0BC5C-B89C-4DCC-9D42-E7F2F79BBC1E} = {DA943B59-4223-4C12-BF00-085417A35243}
		{59ED2589-FB5A-4C61-8E6F-67B1FAA6CDC0} = {DA943B59-4223-4C12-BF00-085417A35243}
		{1CE0A504-E061-401C-B9B5-3F01388AF988} = {36FC1F68-AF9B-4706-B084-0B67DC7B7202}
		{533FFD3E-BF78-44AB-B08E-0A7E6191E355} = {DA943B59-4223-4C12-BF00-085417A35243}
		{DBA14066-4B0F-4650-A667-74742544791B} = {DA943B59-4223-4C12-BF00-085417A35243}
	EndGlobalSection
	GlobalSection(ExtensibilityGlobals) = postSolution
		SolutionGuid = {154C5B18-9351-4741-8113-6073B54C3172}
	EndGlobalSection
EndGlobal
